
Microsoft Visual Studio Solution File, Format Version 12.00
# Visual Studio 2012
Project("{FAE04EC0-301F-11D3-BF4B-00C04F79EFBC}") = "StuffOnHarold.iOS", "iOS\StuffOnHarold.iOS.csproj", "{B6F4F845-9058-4B7F-853E-DD0756E35CAF}"
EndProject
Project("{FAE04EC0-301F-11D3-BF4B-00C04F79EFBC}") = "StuffOnHarold.Droid", "Droid\StuffOnHarold.Droid.csproj", "{828736A9-3D2C-45A4-A20E-E99C988E2D40}"
EndProject
Project("{FAE04EC0-301F-11D3-BF4B-00C04F79EFBC}") = "StuffOnHarold", "StuffOnHarold\StuffOnHarold.csproj", "{55F0969C-5D4E-43D0-BA61-875EEAC70BDB}"
EndProject
Global
	GlobalSection(SolutionConfigurationPlatforms) = preSolution
		Debug|iPhoneSimulator = Debug|iPhoneSimulator
		Release|iPhone = Release|iPhone
		Release|iPhoneSimulator = Release|iPhoneSimulator
		Debug|iPhone = Debug|iPhone
		Debug|Any CPU = Debug|Any CPU
		Release|Any CPU = Release|Any CPU
	EndGlobalSection
	GlobalSection(ProjectConfigurationPlatforms) = postSolution
		{B6F4F845-9058-4B7F-853E-DD0756E35CAF}.Debug|iPhoneSimulator.ActiveCfg = Debug|iPhoneSimulator
		{B6F4F845-9058-4B7F-853E-DD0756E35CAF}.Debug|iPhoneSimulator.Build.0 = Debug|iPhoneSimulator
		{B6F4F845-9058-4B7F-853E-DD0756E35CAF}.Release|iPhone.ActiveCfg = Release|iPhone
		{B6F4F845-9058-4B7F-853E-DD0756E35CAF}.Release|iPhone.Build.0 = Release|iPhone
		{B6F4F845-9058-4B7F-853E-DD0756E35CAF}.Release|iPhoneSimulator.ActiveCfg = Release|iPhoneSimulator
		{B6F4F845-9058-4B7F-853E-DD0756E35CAF}.Release|iPhoneSimulator.Build.0 = Release|iPhoneSimulator
		{B6F4F845-9058-4B7F-853E-DD0756E35CAF}.Debug|iPhone.ActiveCfg = Debug|iPhone
		{B6F4F845-9058-4B7F-853E-DD0756E35CAF}.Debug|iPhone.Build.0 = Debug|iPhone
		{B6F4F845-9058-4B7F-853E-DD0756E35CAF}.Debug|Any CPU.ActiveCfg = Debug|iPhoneSimulator
		{B6F4F845-9058-4B7F-853E-DD0756E35CAF}.Debug|Any CPU.Build.0 = Debug|iPhoneSimulator
		{B6F4F845-9058-4B7F-853E-DD0756E35CAF}.Release|Any CPU.ActiveCfg = Release|iPhone
		{B6F4F845-9058-4B7F-853E-DD0756E35CAF}.Release|Any CPU.Build.0 = Release|iPhone
		{828736A9-3D2C-45A4-A20E-E99C988E2D40}.Debug|iPhoneSimulator.ActiveCfg = Debug|Any CPU
		{828736A9-3D2C-45A4-A20E-E99C988E2D40}.Debug|iPhoneSimulator.Build.0 = Debug|Any CPU
		{828736A9-3D2C-45A4-A20E-E99C988E2D40}.Release|iPhone.ActiveCfg = Release|Any CPU
		{828736A9-3D2C-45A4-A20E-E99C988E2D40}.Release|iPhone.Build.0 = Release|Any CPU
		{828736A9-3D2C-45A4-A20E-E99C988E2D40}.Release|iPhoneSimulator.ActiveCfg = Release|Any CPU
		{828736A9-3D2C-45A4-A20E-E99C988E2D40}.Release|iPhoneSimulator.Build.0 = Release|Any CPU
		{828736A9-3D2C-45A4-A20E-E99C988E2D40}.Debug|iPhone.ActiveCfg = Debug|Any CPU
		{828736A9-3D2C-45A4-A20E-E99C988E2D40}.Debug|iPhone.Build.0 = Debug|Any CPU
		{828736A9-3D2C-45A4-A20E-E99C988E2D40}.Debug|Any CPU.ActiveCfg = Debug|Any CPU
		{828736A9-3D2C-45A4-A20E-E99C988E2D40}.Debug|Any CPU.Build.0 = Debug|Any CPU
		{828736A9-3D2C-45A4-A20E-E99C988E2D40}.Release|Any CPU.ActiveCfg = Release|Any CPU
		{828736A9-3D2C-45A4-A20E-E99C988E2D40}.Release|Any CPU.Build.0 = Release|Any CPU
		{55F0969C-5D4E-43D0-BA61-875EEAC70BDB}.Debug|iPhoneSimulator.ActiveCfg = Debug|Any CPU
		{55F0969C-5D4E-43D0-BA61-875EEAC70BDB}.Debug|iPhoneSimulator.Build.0 = Debug|Any CPU
		{55F0969C-5D4E-43D0-BA61-875EEAC70BDB}.Release|iPhone.ActiveCfg = Release|Any CPU
		{55F0969C-5D4E-43D0-BA61-875EEAC70BDB}.Release|iPhone.Build.0 = Release|Any CPU
		{55F0969C-5D4E-43D0-BA61-875EEAC70BDB}.Release|iPhoneSimulator.ActiveCfg = Release|Any CPU
		{55F0969C-5D4E-43D0-BA61-875EEAC70BDB}.Release|iPhoneSimulator.Build.0 = Release|Any CPU
		{55F0969C-5D4E-43D0-BA61-875EEAC70BDB}.Debug|iPhone.ActiveCfg = Debug|Any CPU
		{55F0969C-5D4E-43D0-BA61-875EEAC70BDB}.Debug|iPhone.Build.0 = Debug|Any CPU
		{55F0969C-5D4E-43D0-BA61-875EEAC70BDB}.Debug|Any CPU.ActiveCfg = Debug|Any CPU
		{55F0969C-5D4E-43D0-BA61-875EEAC70BDB}.Debug|Any CPU.Build.0 = Debug|Any CPU
		{55F0969C-5D4E-43D0-BA61-875EEAC70BDB}.Release|Any CPU.ActiveCfg = Release|Any CPU
		{55F0969C-5D4E-43D0-BA61-875EEAC70BDB}.Release|Any CPU.Build.0 = Release|Any CPU
	EndGlobalSection
	GlobalSection(MonoDevelopProperties) = preSolution
		BaseDirectory = .
	EndGlobalSection
EndGlobal
